
Microsoft Visual Studio Solution File, Format Version 12.00
# Visual Studio 15
VisualStudioVersion = 15.0.27703.2035
MinimumVisualStudioVersion = 10.0.40219.1
Project("{FAE04EC0-301F-11D3-BF4B-00C04F79EFBC}") = "PhoneBook_24", "PhoneBook_24\PhoneBook_24.csproj", "{8F316226-EBA5-4060-BB50-E72EDA3B24C4}"
EndProject
Project("{FAE04EC0-301F-11D3-BF4B-00C04F79EFBC}") = "PhoneBook_24.BusinessLogic", "PhoneBook_24.BusinessLogic\PhoneBook_24.BusinessLogic.csproj", "{1A47E4E2-68CA-4CB5-9C00-4DCB61B68EFC}"
EndProject
Project("{FAE04EC0-301F-11D3-BF4B-00C04F79EFBC}") = "PhoneBook_24.API", "PhoneBook_24.API\PhoneBook_24.API.csproj", "{29C31B31-506D-4313-87D7-4C21381185F0}"
EndProject
Project("{FAE04EC0-301F-11D3-BF4B-00C04F79EFBC}") = "Phonebook_24.UI", "Phonebook_24.UI\Phonebook_24.UI.csproj", "{CF596C86-BAEF-4C0C-B579-FEE4069284EC}"
EndProject
Project("{FAE04EC0-301F-11D3-BF4B-00C04F79EFBC}") = "TestLibrary", "TestLibrary\TestLibrary.csproj", "{5A62CF2E-2407-4115-8234-328924AAAC9C}"
EndProject
Global
	GlobalSection(SolutionConfigurationPlatforms) = preSolution
		Debug|Any CPU = Debug|Any CPU
		Release|Any CPU = Release|Any CPU
	EndGlobalSection
	GlobalSection(ProjectConfigurationPlatforms) = postSolution
		{8F316226-EBA5-4060-BB50-E72EDA3B24C4}.Debug|Any CPU.ActiveCfg = Debug|Any CPU
		{8F316226-EBA5-4060-BB50-E72EDA3B24C4}.Debug|Any CPU.Build.0 = Debug|Any CPU
		{8F316226-EBA5-4060-BB50-E72EDA3B24C4}.Release|Any CPU.ActiveCfg = Release|Any CPU
		{8F316226-EBA5-4060-BB50-E72EDA3B24C4}.Release|Any CPU.Build.0 = Release|Any CPU
		{1A47E4E2-68CA-4CB5-9C00-4DCB61B68EFC}.Debug|Any CPU.ActiveCfg = Debug|Any CPU
		{1A47E4E2-68CA-4CB5-9C00-4DCB61B68EFC}.Debug|Any CPU.Build.0 = Debug|Any CPU
		{1A47E4E2-68CA-4CB5-9C00-4DCB61B68EFC}.Release|Any CPU.ActiveCfg = Release|Any CPU
		{1A47E4E2-68CA-4CB5-9C00-4DCB61B68EFC}.Release|Any CPU.Build.0 = Release|Any CPU
		{29C31B31-506D-4313-87D7-4C21381185F0}.Debug|Any CPU.ActiveCfg = Debug|Any CPU
		{29C31B31-506D-4313-87D7-4C21381185F0}.Debug|Any CPU.Build.0 = Debug|Any CPU
		{29C31B31-506D-4313-87D7-4C21381185F0}.Release|Any CPU.ActiveCfg = Release|Any CPU
		{29C31B31-506D-4313-87D7-4C21381185F0}.Release|Any CPU.Build.0 = Release|Any CPU
		{CF596C86-BAEF-4C0C-B579-FEE4069284EC}.Debug|Any CPU.ActiveCfg = Debug|Any CPU
		{CF596C86-BAEF-4C0C-B579-FEE4069284EC}.Debug|Any CPU.Build.0 = Debug|Any CPU
		{CF596C86-BAEF-4C0C-B579-FEE4069284EC}.Release|Any CPU.ActiveCfg = Release|Any CPU
		{CF596C86-BAEF-4C0C-B579-FEE4069284EC}.Release|Any CPU.Build.0 = Release|Any CPU
		{5A62CF2E-2407-4115-8234-328924AAAC9C}.Debug|Any CPU.ActiveCfg = Debug|Any CPU
		{5A62CF2E-2407-4115-8234-328924AAAC9C}.Debug|Any CPU.Build.0 = Debug|Any CPU
		{5A62CF2E-2407-4115-8234-328924AAAC9C}.Release|Any CPU.ActiveCfg = Release|Any CPU
		{5A62CF2E-2407-4115-8234-328924AAAC9C}.Release|Any CPU.Build.0 = Release|Any CPU
	EndGlobalSection
	GlobalSection(SolutionProperties) = preSolution
		HideSolutionNode = FALSE
	EndGlobalSection
	GlobalSection(ExtensibilityGlobals) = postSolution
		SolutionGuid = {5036348A-FC94-471E-9E32-E1DCE67EF320}
	EndGlobalSection
EndGlobal
